
Microsoft Visual Studio Solution File, Format Version 12.00
# Visual Studio Version 16
VisualStudioVersion = 16.0.29709.97
MinimumVisualStudioVersion = 10.0.40219.1
Project("{2150E333-8FDC-42A3-9474-1A3956D46DE8}") = "Source", "Source", "{EF2E646B-CE15-4746-B2E8-19FB6238BA01}"
EndProject
Project("{2150E333-8FDC-42A3-9474-1A3956D46DE8}") = "Test", "Test", "{780C0655-6779-4BFC-ADC8-2FF9BD166E01}"
EndProject
Project("{888888A0-9F3D-457C-B088-3A5042F75D52}") = "Executable", "Source\Executable\Executable.pyproj", "{1448083E-3579-44D6-94E9-F969D2755E07}"
EndProject
Project("{888888A0-9F3D-457C-B088-3A5042F75D52}") = "Service", "Source\Service\Service.pyproj", "{034002D8-D6D3-4417-92C5-6E17BDAFB3F8}"
EndProject
Project("{FAE04EC0-301F-11D3-BF4B-00C04F79EFBC}") = "ProcessorDesktop", "Source\ProcessorDesktop\ProcessorDesktop.csproj", "{B2137C3E-FF04-4C61-96FD-70FD39B87CC6}"
EndProject
Project("{888888A0-9F3D-457C-B088-3A5042F75D52}") = "Processor.Test.Executable", "Test\ExecutableTests\Processor.Test.Executable.pyproj", "{B097C626-0920-4030-8BA0-1C88F6CBE051}"
EndProject
Project("{FAE04EC0-301F-11D3-BF4B-00C04F79EFBC}") = "PythonExecution", "Source\PythonExecution\PythonExecution.csproj", "{DFB375A8-1CBE-42A4-9B14-17D54D69CC4E}"
EndProject
Project("{FAE04EC0-301F-11D3-BF4B-00C04F79EFBC}") = "HubHandling", "Source\HubHandling\HubHandling.csproj", "{F9869AD7-4292-42EE-A94B-E5CE078101AF}"
EndProject
Project("{2150E333-8FDC-42A3-9474-1A3956D46DE8}") = "_Globals", "_Globals", "{CB786D6B-24B7-4BD9-9DDD-31F3268B7BDF}"
	ProjectSection(SolutionItems) = preProject
		_Globals\settings.json = _Globals\settings.json
	EndProjectSection
EndProject
Project("{FAE04EC0-301F-11D3-BF4B-00C04F79EFBC}") = "DatabaseManagement", "Source\DatabaseManagement\DatabaseManagement.csproj", "{9C50D2B5-006F-4376-BD53-C56DD1F87FAC}"
EndProject
Global
	GlobalSection(SolutionConfigurationPlatforms) = preSolution
		Debug|Any CPU = Debug|Any CPU
		Release|Any CPU = Release|Any CPU
	EndGlobalSection
	GlobalSection(ProjectConfigurationPlatforms) = postSolution
		{1448083E-3579-44D6-94E9-F969D2755E07}.Debug|Any CPU.ActiveCfg = Debug|Any CPU
		{1448083E-3579-44D6-94E9-F969D2755E07}.Release|Any CPU.ActiveCfg = Release|Any CPU
		{034002D8-D6D3-4417-92C5-6E17BDAFB3F8}.Debug|Any CPU.ActiveCfg = Debug|Any CPU
		{034002D8-D6D3-4417-92C5-6E17BDAFB3F8}.Debug|Any CPU.Build.0 = Debug|Any CPU
		{034002D8-D6D3-4417-92C5-6E17BDAFB3F8}.Release|Any CPU.ActiveCfg = Release|Any CPU
		{034002D8-D6D3-4417-92C5-6E17BDAFB3F8}.Release|Any CPU.Build.0 = Release|Any CPU
		{B2137C3E-FF04-4C61-96FD-70FD39B87CC6}.Debug|Any CPU.ActiveCfg = Debug|Any CPU
		{B2137C3E-FF04-4C61-96FD-70FD39B87CC6}.Debug|Any CPU.Build.0 = Debug|Any CPU
		{B2137C3E-FF04-4C61-96FD-70FD39B87CC6}.Release|Any CPU.ActiveCfg = Release|Any CPU
		{B2137C3E-FF04-4C61-96FD-70FD39B87CC6}.Release|Any CPU.Build.0 = Release|Any CPU
		{B097C626-0920-4030-8BA0-1C88F6CBE051}.Debug|Any CPU.ActiveCfg = Debug|Any CPU
		{B097C626-0920-4030-8BA0-1C88F6CBE051}.Release|Any CPU.ActiveCfg = Release|Any CPU
		{DFB375A8-1CBE-42A4-9B14-17D54D69CC4E}.Debug|Any CPU.ActiveCfg = Debug|Any CPU
		{DFB375A8-1CBE-42A4-9B14-17D54D69CC4E}.Debug|Any CPU.Build.0 = Debug|Any CPU
		{DFB375A8-1CBE-42A4-9B14-17D54D69CC4E}.Release|Any CPU.ActiveCfg = Release|Any CPU
		{DFB375A8-1CBE-42A4-9B14-17D54D69CC4E}.Release|Any CPU.Build.0 = Release|Any CPU
		{F9869AD7-4292-42EE-A94B-E5CE078101AF}.Debug|Any CPU.ActiveCfg = Debug|Any CPU
		{F9869AD7-4292-42EE-A94B-E5CE078101AF}.Debug|Any CPU.Build.0 = Debug|Any CPU
		{F9869AD7-4292-42EE-A94B-E5CE078101AF}.Release|Any CPU.ActiveCfg = Release|Any CPU
		{F9869AD7-4292-42EE-A94B-E5CE078101AF}.Release|Any CPU.Build.0 = Release|Any CPU
		{9C50D2B5-006F-4376-BD53-C56DD1F87FAC}.Debug|Any CPU.ActiveCfg = Debug|Any CPU
		{9C50D2B5-006F-4376-BD53-C56DD1F87FAC}.Debug|Any CPU.Build.0 = Debug|Any CPU
		{9C50D2B5-006F-4376-BD53-C56DD1F87FAC}.Release|Any CPU.ActiveCfg = Release|Any CPU
		{9C50D2B5-006F-4376-BD53-C56DD1F87FAC}.Release|Any CPU.Build.0 = Release|Any CPU
	EndGlobalSection
	GlobalSection(SolutionProperties) = preSolution
		HideSolutionNode = FALSE
	EndGlobalSection
	GlobalSection(NestedProjects) = preSolution
		{1448083E-3579-44D6-94E9-F969D2755E07} = {EF2E646B-CE15-4746-B2E8-19FB6238BA01}
		{034002D8-D6D3-4417-92C5-6E17BDAFB3F8} = {EF2E646B-CE15-4746-B2E8-19FB6238BA01}
		{B2137C3E-FF04-4C61-96FD-70FD39B87CC6} = {EF2E646B-CE15-4746-B2E8-19FB6238BA01}
		{B097C626-0920-4030-8BA0-1C88F6CBE051} = {780C0655-6779-4BFC-ADC8-2FF9BD166E01}
		{DFB375A8-1CBE-42A4-9B14-17D54D69CC4E} = {EF2E646B-CE15-4746-B2E8-19FB6238BA01}
		{F9869AD7-4292-42EE-A94B-E5CE078101AF} = {EF2E646B-CE15-4746-B2E8-19FB6238BA01}
		{9C50D2B5-006F-4376-BD53-C56DD1F87FAC} = {EF2E646B-CE15-4746-B2E8-19FB6238BA01}
	EndGlobalSection
	GlobalSection(ExtensibilityGlobals) = postSolution
		SolutionGuid = {3D48C3CE-C36B-46EF-9405-1E59454BC030}
	EndGlobalSection
EndGlobal
