
Microsoft Visual Studio Solution File, Format Version 12.00
# Visual Studio Version 16
VisualStudioVersion = 16.0.29709.97
MinimumVisualStudioVersion = 10.0.40219.1
Project("{2150E333-8FDC-42A3-9474-1A3956D46DE8}") = "Source", "Source", "{EF2E646B-CE15-4746-B2E8-19FB6238BA01}"
EndProject
Project("{2150E333-8FDC-42A3-9474-1A3956D46DE8}") = "Test", "Test", "{780C0655-6779-4BFC-ADC8-2FF9BD166E01}"
EndProject
Project("{888888A0-9F3D-457C-B088-3A5042F75D52}") = "CommandExecution", "Source\Executable\CommandExecution.pyproj", "{1448083E-3579-44D6-94E9-F969D2755E07}"
EndProject
Project("{888888A0-9F3D-457C-B088-3A5042F75D52}") = "Service", "Source\Service\Service.pyproj", "{034002D8-D6D3-4417-92C5-6E17BDAFB3F8}"
EndProject
Global
	GlobalSection(SolutionConfigurationPlatforms) = preSolution
		Debug|Any CPU = Debug|Any CPU
		Release|Any CPU = Release|Any CPU
	EndGlobalSection
	GlobalSection(ProjectConfigurationPlatforms) = postSolution
		{1448083E-3579-44D6-94E9-F969D2755E07}.Debug|Any CPU.ActiveCfg = Debug|Any CPU
		{1448083E-3579-44D6-94E9-F969D2755E07}.Release|Any CPU.ActiveCfg = Release|Any CPU
		{034002D8-D6D3-4417-92C5-6E17BDAFB3F8}.Debug|Any CPU.ActiveCfg = Debug|Any CPU
		{034002D8-D6D3-4417-92C5-6E17BDAFB3F8}.Debug|Any CPU.Build.0 = Debug|Any CPU
		{034002D8-D6D3-4417-92C5-6E17BDAFB3F8}.Release|Any CPU.ActiveCfg = Release|Any CPU
		{034002D8-D6D3-4417-92C5-6E17BDAFB3F8}.Release|Any CPU.Build.0 = Release|Any CPU
	EndGlobalSection
	GlobalSection(SolutionProperties) = preSolution
		HideSolutionNode = FALSE
	EndGlobalSection
	GlobalSection(NestedProjects) = preSolution
		{1448083E-3579-44D6-94E9-F969D2755E07} = {EF2E646B-CE15-4746-B2E8-19FB6238BA01}
		{034002D8-D6D3-4417-92C5-6E17BDAFB3F8} = {EF2E646B-CE15-4746-B2E8-19FB6238BA01}
	EndGlobalSection
	GlobalSection(ExtensibilityGlobals) = postSolution
		SolutionGuid = {3D48C3CE-C36B-46EF-9405-1E59454BC030}
	EndGlobalSection
EndGlobal
