
Microsoft Visual Studio Solution File, Format Version 12.00
# Visual Studio Version 16
VisualStudioVersion = 16.0.29709.97
MinimumVisualStudioVersion = 10.0.40219.1
Project("{888888A0-9F3D-457C-B088-3A5042F75D52}") = "Service", "RestApiExample\Service.pyproj", "{034002D8-D6D3-4417-92C5-6E17BDAFB3F8}"
EndProject
Project("{888888A0-9F3D-457C-B088-3A5042F75D52}") = "CommandExecution", "Executor\CommandExecution.pyproj", "{1448083E-3579-44D6-94E9-F969D2755E07}"
EndProject
Global
	GlobalSection(SolutionConfigurationPlatforms) = preSolution
		Debug|Any CPU = Debug|Any CPU
		Release|Any CPU = Release|Any CPU
	EndGlobalSection
	GlobalSection(ProjectConfigurationPlatforms) = postSolution
		{034002D8-D6D3-4417-92C5-6E17BDAFB3F8}.Debug|Any CPU.ActiveCfg = Debug|Any CPU
		{034002D8-D6D3-4417-92C5-6E17BDAFB3F8}.Debug|Any CPU.Build.0 = Debug|Any CPU
		{034002D8-D6D3-4417-92C5-6E17BDAFB3F8}.Release|Any CPU.ActiveCfg = Release|Any CPU
		{034002D8-D6D3-4417-92C5-6E17BDAFB3F8}.Release|Any CPU.Build.0 = Release|Any CPU
		{1448083E-3579-44D6-94E9-F969D2755E07}.Debug|Any CPU.ActiveCfg = Debug|Any CPU
		{1448083E-3579-44D6-94E9-F969D2755E07}.Release|Any CPU.ActiveCfg = Release|Any CPU
	EndGlobalSection
	GlobalSection(SolutionProperties) = preSolution
		HideSolutionNode = FALSE
	EndGlobalSection
	GlobalSection(ExtensibilityGlobals) = postSolution
		SolutionGuid = {7D921068-628E-4CC8-82F3-CBC280522151}
	EndGlobalSection
EndGlobal
