
Microsoft Visual Studio Solution File, Format Version 12.00
# Visual Studio Version 16
VisualStudioVersion = 16.0.29709.97
MinimumVisualStudioVersion = 10.0.40219.1
Project("{FAE04EC0-301F-11D3-BF4B-00C04F79EFBC}") = "MasterService", "Source\MasterService\MasterService.csproj", "{AD8A1620-06B8-4B3F-9BF9-08B1EA414410}"
EndProject
Project("{FAE04EC0-301F-11D3-BF4B-00C04F79EFBC}") = "ComponentInterfaces", "Source\ComponentInterfaces\ComponentInterfaces.csproj", "{751E7CAC-0047-4BF3-B6AD-6A0925F96FD0}"
EndProject
Project("{FAE04EC0-301F-11D3-BF4B-00C04F79EFBC}") = "Scheduler", "Source\Scheduler\Scheduler.csproj", "{93B7034F-BD26-4036-AEE5-3D0369AE7D7B}"
EndProject
Project("{FAE04EC0-301F-11D3-BF4B-00C04F79EFBC}") = "PythonComponents", "Source\PythonComponents\PythonComponents.csproj", "{229FEAD7-6E98-4F16-B825-EEA1CA0FC33A}"
EndProject
Project("{2150E333-8FDC-42A3-9474-1A3956D46DE8}") = "Source", "Source", "{5AE93162-7E23-44E6-A894-2412A0E79569}"
EndProject
Project("{2150E333-8FDC-42A3-9474-1A3956D46DE8}") = "Test", "Test", "{2CECB5D7-B342-4A85-881F-1D49BD1EAF3D}"
EndProject
Project("{FAE04EC0-301F-11D3-BF4B-00C04F79EFBC}") = "Master.Test.MasterServiceTests", "Test\MasterServiceTests\Master.Test.MasterServiceTests.csproj", "{493283C1-7A24-4F40-B70D-A4029CDBBA9C}"
EndProject
Project("{FAE04EC0-301F-11D3-BF4B-00C04F79EFBC}") = "HubComponents", "Source\HubComponents\HubComponents.csproj", "{B8FBF1B4-EB0C-44E8-8B79-1B1C98B249E5}"
EndProject
Global
	GlobalSection(SolutionConfigurationPlatforms) = preSolution
		Debug|Any CPU = Debug|Any CPU
		Release|Any CPU = Release|Any CPU
	EndGlobalSection
	GlobalSection(ProjectConfigurationPlatforms) = postSolution
		{AD8A1620-06B8-4B3F-9BF9-08B1EA414410}.Debug|Any CPU.ActiveCfg = Debug|Any CPU
		{AD8A1620-06B8-4B3F-9BF9-08B1EA414410}.Debug|Any CPU.Build.0 = Debug|Any CPU
		{AD8A1620-06B8-4B3F-9BF9-08B1EA414410}.Release|Any CPU.ActiveCfg = Release|Any CPU
		{AD8A1620-06B8-4B3F-9BF9-08B1EA414410}.Release|Any CPU.Build.0 = Release|Any CPU
		{751E7CAC-0047-4BF3-B6AD-6A0925F96FD0}.Debug|Any CPU.ActiveCfg = Debug|Any CPU
		{751E7CAC-0047-4BF3-B6AD-6A0925F96FD0}.Debug|Any CPU.Build.0 = Debug|Any CPU
		{751E7CAC-0047-4BF3-B6AD-6A0925F96FD0}.Release|Any CPU.ActiveCfg = Release|Any CPU
		{751E7CAC-0047-4BF3-B6AD-6A0925F96FD0}.Release|Any CPU.Build.0 = Release|Any CPU
		{93B7034F-BD26-4036-AEE5-3D0369AE7D7B}.Debug|Any CPU.ActiveCfg = Debug|Any CPU
		{93B7034F-BD26-4036-AEE5-3D0369AE7D7B}.Debug|Any CPU.Build.0 = Debug|Any CPU
		{93B7034F-BD26-4036-AEE5-3D0369AE7D7B}.Release|Any CPU.ActiveCfg = Release|Any CPU
		{93B7034F-BD26-4036-AEE5-3D0369AE7D7B}.Release|Any CPU.Build.0 = Release|Any CPU
		{229FEAD7-6E98-4F16-B825-EEA1CA0FC33A}.Debug|Any CPU.ActiveCfg = Debug|Any CPU
		{229FEAD7-6E98-4F16-B825-EEA1CA0FC33A}.Debug|Any CPU.Build.0 = Debug|Any CPU
		{229FEAD7-6E98-4F16-B825-EEA1CA0FC33A}.Release|Any CPU.ActiveCfg = Release|Any CPU
		{229FEAD7-6E98-4F16-B825-EEA1CA0FC33A}.Release|Any CPU.Build.0 = Release|Any CPU
		{493283C1-7A24-4F40-B70D-A4029CDBBA9C}.Debug|Any CPU.ActiveCfg = Debug|Any CPU
		{493283C1-7A24-4F40-B70D-A4029CDBBA9C}.Debug|Any CPU.Build.0 = Debug|Any CPU
		{493283C1-7A24-4F40-B70D-A4029CDBBA9C}.Release|Any CPU.ActiveCfg = Release|Any CPU
		{493283C1-7A24-4F40-B70D-A4029CDBBA9C}.Release|Any CPU.Build.0 = Release|Any CPU
		{B8FBF1B4-EB0C-44E8-8B79-1B1C98B249E5}.Debug|Any CPU.ActiveCfg = Debug|Any CPU
		{B8FBF1B4-EB0C-44E8-8B79-1B1C98B249E5}.Debug|Any CPU.Build.0 = Debug|Any CPU
		{B8FBF1B4-EB0C-44E8-8B79-1B1C98B249E5}.Release|Any CPU.ActiveCfg = Release|Any CPU
		{B8FBF1B4-EB0C-44E8-8B79-1B1C98B249E5}.Release|Any CPU.Build.0 = Release|Any CPU
	EndGlobalSection
	GlobalSection(SolutionProperties) = preSolution
		HideSolutionNode = FALSE
	EndGlobalSection
	GlobalSection(NestedProjects) = preSolution
		{AD8A1620-06B8-4B3F-9BF9-08B1EA414410} = {5AE93162-7E23-44E6-A894-2412A0E79569}
		{751E7CAC-0047-4BF3-B6AD-6A0925F96FD0} = {5AE93162-7E23-44E6-A894-2412A0E79569}
		{93B7034F-BD26-4036-AEE5-3D0369AE7D7B} = {5AE93162-7E23-44E6-A894-2412A0E79569}
		{229FEAD7-6E98-4F16-B825-EEA1CA0FC33A} = {5AE93162-7E23-44E6-A894-2412A0E79569}
		{493283C1-7A24-4F40-B70D-A4029CDBBA9C} = {2CECB5D7-B342-4A85-881F-1D49BD1EAF3D}
		{B8FBF1B4-EB0C-44E8-8B79-1B1C98B249E5} = {5AE93162-7E23-44E6-A894-2412A0E79569}
	EndGlobalSection
	GlobalSection(ExtensibilityGlobals) = postSolution
		SolutionGuid = {1220FD59-7D52-4AEB-8803-3DE0A3D4D39F}
	EndGlobalSection
EndGlobal
