
Microsoft Visual Studio Solution File, Format Version 12.00
# Visual Studio Version 16
VisualStudioVersion = 16.0.29709.97
MinimumVisualStudioVersion = 10.0.40219.1
Project("{FAE04EC0-301F-11D3-BF4B-00C04F79EFBC}") = "MasterService", "Source\MasterService\MasterService.csproj", "{AD8A1620-06B8-4B3F-9BF9-08B1EA414410}"
EndProject
Project("{FAE04EC0-301F-11D3-BF4B-00C04F79EFBC}") = "ComponentInterfaces", "Source\ComponentInterfaces\ComponentInterfaces.csproj", "{751E7CAC-0047-4BF3-B6AD-6A0925F96FD0}"
EndProject
Project("{FAE04EC0-301F-11D3-BF4B-00C04F79EFBC}") = "Scheduler", "Source\Scheduler\Scheduler.csproj", "{93B7034F-BD26-4036-AEE5-3D0369AE7D7B}"
EndProject
Project("{FAE04EC0-301F-11D3-BF4B-00C04F79EFBC}") = "PythonComponents", "Source\PythonComponents\PythonComponents.csproj", "{229FEAD7-6E98-4F16-B825-EEA1CA0FC33A}"
EndProject
Global
	GlobalSection(SolutionConfigurationPlatforms) = preSolution
		Debug|Any CPU = Debug|Any CPU
		Release|Any CPU = Release|Any CPU
	EndGlobalSection
	GlobalSection(ProjectConfigurationPlatforms) = postSolution
		{AD8A1620-06B8-4B3F-9BF9-08B1EA414410}.Debug|Any CPU.ActiveCfg = Debug|Any CPU
		{AD8A1620-06B8-4B3F-9BF9-08B1EA414410}.Debug|Any CPU.Build.0 = Debug|Any CPU
		{AD8A1620-06B8-4B3F-9BF9-08B1EA414410}.Release|Any CPU.ActiveCfg = Release|Any CPU
		{AD8A1620-06B8-4B3F-9BF9-08B1EA414410}.Release|Any CPU.Build.0 = Release|Any CPU
		{751E7CAC-0047-4BF3-B6AD-6A0925F96FD0}.Debug|Any CPU.ActiveCfg = Debug|Any CPU
		{751E7CAC-0047-4BF3-B6AD-6A0925F96FD0}.Debug|Any CPU.Build.0 = Debug|Any CPU
		{751E7CAC-0047-4BF3-B6AD-6A0925F96FD0}.Release|Any CPU.ActiveCfg = Release|Any CPU
		{751E7CAC-0047-4BF3-B6AD-6A0925F96FD0}.Release|Any CPU.Build.0 = Release|Any CPU
		{93B7034F-BD26-4036-AEE5-3D0369AE7D7B}.Debug|Any CPU.ActiveCfg = Debug|Any CPU
		{93B7034F-BD26-4036-AEE5-3D0369AE7D7B}.Debug|Any CPU.Build.0 = Debug|Any CPU
		{93B7034F-BD26-4036-AEE5-3D0369AE7D7B}.Release|Any CPU.ActiveCfg = Release|Any CPU
		{93B7034F-BD26-4036-AEE5-3D0369AE7D7B}.Release|Any CPU.Build.0 = Release|Any CPU
		{229FEAD7-6E98-4F16-B825-EEA1CA0FC33A}.Debug|Any CPU.ActiveCfg = Debug|Any CPU
		{229FEAD7-6E98-4F16-B825-EEA1CA0FC33A}.Debug|Any CPU.Build.0 = Debug|Any CPU
		{229FEAD7-6E98-4F16-B825-EEA1CA0FC33A}.Release|Any CPU.ActiveCfg = Release|Any CPU
		{229FEAD7-6E98-4F16-B825-EEA1CA0FC33A}.Release|Any CPU.Build.0 = Release|Any CPU
	EndGlobalSection
	GlobalSection(SolutionProperties) = preSolution
		HideSolutionNode = FALSE
	EndGlobalSection
	GlobalSection(ExtensibilityGlobals) = postSolution
		SolutionGuid = {1220FD59-7D52-4AEB-8803-3DE0A3D4D39F}
	EndGlobalSection
EndGlobal
