
Microsoft Visual Studio Solution File, Format Version 12.00
# Visual Studio 15
VisualStudioVersion = 15.0.28307.852
MinimumVisualStudioVersion = 10.0.40219.1
Project("{FAE04EC0-301F-11D3-BF4B-00C04F79EFBC}") = "BrowserClient.Source.BrowserClient", "Source\BrowserClient\BrowserClient.Source.BrowserClient.csproj", "{12EAF1CB-F4CE-49D5-A43A-F2BA12FA4073}"
EndProject
Project("{2150E333-8FDC-42A3-9474-1A3956D46DE8}") = "Source", "Source", "{27961388-1F2F-4C8F-BF6F-585F4A0B81EF}"
EndProject
Project("{2150E333-8FDC-42A3-9474-1A3956D46DE8}") = "Tests", "Tests", "{272FA475-A658-4682-85D2-F3E97D9911D2}"
EndProject
Project("{FAE04EC0-301F-11D3-BF4B-00C04F79EFBC}") = "BrowserClient.Test.BrowserClientTests", "Tests\BrowserClientTests\BrowserClient.Test.BrowserClientTests.csproj", "{F7E6739D-9BBD-4379-A865-F4092FFBC596}"
EndProject
Global
	GlobalSection(SolutionConfigurationPlatforms) = preSolution
		Debug|Any CPU = Debug|Any CPU
		Release|Any CPU = Release|Any CPU
	EndGlobalSection
	GlobalSection(ProjectConfigurationPlatforms) = postSolution
		{12EAF1CB-F4CE-49D5-A43A-F2BA12FA4073}.Debug|Any CPU.ActiveCfg = Debug|Any CPU
		{12EAF1CB-F4CE-49D5-A43A-F2BA12FA4073}.Debug|Any CPU.Build.0 = Debug|Any CPU
		{12EAF1CB-F4CE-49D5-A43A-F2BA12FA4073}.Release|Any CPU.ActiveCfg = Release|Any CPU
		{12EAF1CB-F4CE-49D5-A43A-F2BA12FA4073}.Release|Any CPU.Build.0 = Release|Any CPU
		{F7E6739D-9BBD-4379-A865-F4092FFBC596}.Debug|Any CPU.ActiveCfg = Debug|Any CPU
		{F7E6739D-9BBD-4379-A865-F4092FFBC596}.Debug|Any CPU.Build.0 = Debug|Any CPU
		{F7E6739D-9BBD-4379-A865-F4092FFBC596}.Release|Any CPU.ActiveCfg = Release|Any CPU
		{F7E6739D-9BBD-4379-A865-F4092FFBC596}.Release|Any CPU.Build.0 = Release|Any CPU
	EndGlobalSection
	GlobalSection(SolutionProperties) = preSolution
		HideSolutionNode = FALSE
	EndGlobalSection
	GlobalSection(NestedProjects) = preSolution
		{12EAF1CB-F4CE-49D5-A43A-F2BA12FA4073} = {27961388-1F2F-4C8F-BF6F-585F4A0B81EF}
		{F7E6739D-9BBD-4379-A865-F4092FFBC596} = {272FA475-A658-4682-85D2-F3E97D9911D2}
	EndGlobalSection
	GlobalSection(ExtensibilityGlobals) = postSolution
		SolutionGuid = {0ADA218C-8050-47C7-9065-24787604C4FD}
	EndGlobalSection
EndGlobal
